
Microsoft Visual Studio Solution File, Format Version 12.00
# Visual Studio Version 17
VisualStudioVersion = 17.0.32014.148
MinimumVisualStudioVersion = 10.0.40219.1
Project("{9A19103F-16F7-4668-BE54-9A1E7A4F7556}") = "1-AprendendoCSharp", "1-AprendendoCSharp\1-AprendendoCSharp.csproj", "{16AAA5B2-FF17-4D29-B60F-D452CA5A424D}"
EndProject
Project("{FAE04EC0-301F-11D3-BF4B-00C04F79EFBC}") = "2-CriandoVariáveis", "2-CriandoVariáveis\2-CriandoVariáveis.csproj", "{B85BCBF2-A12D-4B13-8730-9F155EF16DA8}"
EndProject
Project("{FAE04EC0-301F-11D3-BF4B-00C04F79EFBC}") = "3-CriandoVariáveisDouble", "3-CriandoVariáveisDouble\3-CriandoVariáveisDouble.csproj", "{19C0F2FE-3DC8-4F15-A329-287F33AFFA3B}"
EndProject
Global
	GlobalSection(SolutionConfigurationPlatforms) = preSolution
		Debug|Any CPU = Debug|Any CPU
		Release|Any CPU = Release|Any CPU
	EndGlobalSection
	GlobalSection(ProjectConfigurationPlatforms) = postSolution
		{16AAA5B2-FF17-4D29-B60F-D452CA5A424D}.Debug|Any CPU.ActiveCfg = Debug|Any CPU
		{16AAA5B2-FF17-4D29-B60F-D452CA5A424D}.Debug|Any CPU.Build.0 = Debug|Any CPU
		{16AAA5B2-FF17-4D29-B60F-D452CA5A424D}.Release|Any CPU.ActiveCfg = Release|Any CPU
		{16AAA5B2-FF17-4D29-B60F-D452CA5A424D}.Release|Any CPU.Build.0 = Release|Any CPU
		{B85BCBF2-A12D-4B13-8730-9F155EF16DA8}.Debug|Any CPU.ActiveCfg = Debug|Any CPU
		{B85BCBF2-A12D-4B13-8730-9F155EF16DA8}.Debug|Any CPU.Build.0 = Debug|Any CPU
		{B85BCBF2-A12D-4B13-8730-9F155EF16DA8}.Release|Any CPU.ActiveCfg = Release|Any CPU
		{B85BCBF2-A12D-4B13-8730-9F155EF16DA8}.Release|Any CPU.Build.0 = Release|Any CPU
		{19C0F2FE-3DC8-4F15-A329-287F33AFFA3B}.Debug|Any CPU.ActiveCfg = Debug|Any CPU
		{19C0F2FE-3DC8-4F15-A329-287F33AFFA3B}.Debug|Any CPU.Build.0 = Debug|Any CPU
		{19C0F2FE-3DC8-4F15-A329-287F33AFFA3B}.Release|Any CPU.ActiveCfg = Release|Any CPU
		{19C0F2FE-3DC8-4F15-A329-287F33AFFA3B}.Release|Any CPU.Build.0 = Release|Any CPU
	EndGlobalSection
	GlobalSection(SolutionProperties) = preSolution
		HideSolutionNode = FALSE
	EndGlobalSection
	GlobalSection(ExtensibilityGlobals) = postSolution
		SolutionGuid = {4692F1BB-FB1F-45E8-89F0-38892BE4B3AD}
	EndGlobalSection
EndGlobal
